
Microsoft Visual Studio Solution File, Format Version 12.00
# Visual Studio 14
VisualStudioVersion = 14.0.24720.0
MinimumVisualStudioVersion = 10.0.40219.1
Project("{2150E333-8FDC-42A3-9474-1A3956D46DE8}") = "src", "src", "{7E4F044E-122A-4D8F-BA83-A44CC3D84A95}"
EndProject
Project("{2150E333-8FDC-42A3-9474-1A3956D46DE8}") = "Solution Items", "Solution Items", "{159C47C9-451D-4657-B2C9-B8A07FD87B6E}"
	ProjectSection(SolutionItems) = preProject
		global.json = global.json
	EndProjectSection
EndProject
Project("{8BB2217D-0F2D-49D1-97BC-3654ED321F3B}") = "OnlineLearningResourcesApp", "src\OnlineLearningResoursesApp\OnlineLearningResourcesApp.xproj", "{40A2F735-60B8-46EF-8F2F-A85B7B548822}"
EndProject
Global
	GlobalSection(SolutionConfigurationPlatforms) = preSolution
		Debug|Any CPU = Debug|Any CPU
		Release|Any CPU = Release|Any CPU
	EndGlobalSection
	GlobalSection(ProjectConfigurationPlatforms) = postSolution
		{40A2F735-60B8-46EF-8F2F-A85B7B548822}.Debug|Any CPU.ActiveCfg = Debug|Any CPU
		{40A2F735-60B8-46EF-8F2F-A85B7B548822}.Debug|Any CPU.Build.0 = Debug|Any CPU
		{40A2F735-60B8-46EF-8F2F-A85B7B548822}.Release|Any CPU.ActiveCfg = Release|Any CPU
		{40A2F735-60B8-46EF-8F2F-A85B7B548822}.Release|Any CPU.Build.0 = Release|Any CPU
	EndGlobalSection
	GlobalSection(SolutionProperties) = preSolution
		HideSolutionNode = FALSE
	EndGlobalSection
	GlobalSection(NestedProjects) = preSolution
		{40A2F735-60B8-46EF-8F2F-A85B7B548822} = {7E4F044E-122A-4D8F-BA83-A44CC3D84A95}
	EndGlobalSection
EndGlobal
